
Microsoft Visual Studio Solution File, Format Version 12.00
# Visual Studio Version 16
VisualStudioVersion = 16.0.30128.74
MinimumVisualStudioVersion = 10.0.40219.1
Project("{FAE04EC0-301F-11D3-BF4B-00C04F79EFBC}") = "RestaurantMenu", "RestaurantMenu\RestaurantMenu.csproj", "{B22E18E2-D5BE-4A73-AC98-5517D0D27041}"
EndProject
Global
	GlobalSection(SolutionConfigurationPlatforms) = preSolution
		Debug|Any CPU = Debug|Any CPU
		Release|Any CPU = Release|Any CPU
	EndGlobalSection
	GlobalSection(ProjectConfigurationPlatforms) = postSolution
		{B22E18E2-D5BE-4A73-AC98-5517D0D27041}.Debug|Any CPU.ActiveCfg = Debug|Any CPU
		{B22E18E2-D5BE-4A73-AC98-5517D0D27041}.Debug|Any CPU.Build.0 = Debug|Any CPU
		{B22E18E2-D5BE-4A73-AC98-5517D0D27041}.Release|Any CPU.ActiveCfg = Release|Any CPU
		{B22E18E2-D5BE-4A73-AC98-5517D0D27041}.Release|Any CPU.Build.0 = Release|Any CPU
	EndGlobalSection
	GlobalSection(SolutionProperties) = preSolution
		HideSolutionNode = FALSE
	EndGlobalSection
	GlobalSection(ExtensibilityGlobals) = postSolution
		SolutionGuid = {2D01244E-91D2-4379-97B7-AEBA59F10DD6}
	EndGlobalSection
EndGlobal
